{
  "name": "telegram-media-transfer-bot",
  "version": "1.0.0",
  "lockfileVersion": 2,
  "requires": true,
  "packages": {
    "": {
      "name": "telegram-media-transfer-bot",
      "version": "1.0.0",
      "license": "MIT",
      "dependencies": {
        "telegraf": "^4.12.2",
        "dotenv": "^16.0.3",
        "express": "^4.18.2",
        "fs": "0.0.1-security",
        "path": "^0.12.7"
      }
    }
  }
}